
Microsoft Visual Studio Solution File, Format Version 12.00
# Visual Studio Version 17
VisualStudioVersion = 17.2.32602.215
MinimumVisualStudioVersion = 10.0.40219.1
Project("{9A19103F-16F7-4668-BE54-9A1E7A4F7556}") = "RazorPizzarea", "RazorPizzarea.csproj", "{1AA56175-EAC1-442B-9207-9704BA260899}"
EndProject
Global
	GlobalSection(SolutionConfigurationPlatforms) = preSolution
		Debug|Any CPU = Debug|Any CPU
		Release|Any CPU = Release|Any CPU
	EndGlobalSection
	GlobalSection(ProjectConfigurationPlatforms) = postSolution
		{1AA56175-EAC1-442B-9207-9704BA260899}.Debug|Any CPU.ActiveCfg = Debug|Any CPU
		{1AA56175-EAC1-442B-9207-9704BA260899}.Debug|Any CPU.Build.0 = Debug|Any CPU
		{1AA56175-EAC1-442B-9207-9704BA260899}.Release|Any CPU.ActiveCfg = Release|Any CPU
		{1AA56175-EAC1-442B-9207-9704BA260899}.Release|Any CPU.Build.0 = Release|Any CPU
	EndGlobalSection
	GlobalSection(SolutionProperties) = preSolution
		HideSolutionNode = FALSE
	EndGlobalSection
	GlobalSection(ExtensibilityGlobals) = postSolution
		SolutionGuid = {91C94F73-2D9D-40C6-81EF-D243959DFDF2}
	EndGlobalSection
EndGlobal
